# THIS IS AN AUTOGENERATED FILE. DO NOT EDIT THIS FILE DIRECTLY.
# yarn lockfile v1


"@codemirror/autocomplete@^6.4.2":
  version "6.18.1"
  resolved "https://registry.npmmirror.com/@codemirror/autocomplete/-/autocomplete-6.18.1.tgz#3bd8d62c9c9a14d0706ab0a8adac139eaf1a41f1"
  integrity sha512-iWHdj/B1ethnHRTwZj+C1obmmuCzquH29EbcKr0qIjA9NfDeBDJ7vs+WOHsFeLeflE4o+dHfYndJloMKHUkWUA==
  dependencies:
    "@codemirror/language" "^6.0.0"
    "@codemirror/state" "^6.0.0"
    "@codemirror/view" "^6.17.0"
    "@lezer/common" "^1.0.0"

"@codemirror/language@^6.0.0":
  version "6.10.3"
  resolved "https://registry.npmmirror.com/@codemirror/language/-/language-6.10.3.tgz#eb25fc5ade19032e7bf1dcaa957804e5f1660585"
  integrity sha512-kDqEU5sCP55Oabl6E7m5N+vZRoc0iWqgDVhEKifcHzPzjqCegcO4amfrYVL9PmPZpl4G0yjkpTpUO/Ui8CzO8A==
  dependencies:
    "@codemirror/state" "^6.0.0"
    "@codemirror/view" "^6.23.0"
    "@lezer/common" "^1.1.0"
    "@lezer/highlight" "^1.0.0"
    "@lezer/lr" "^1.0.0"
    style-mod "^4.0.0"

"@codemirror/state@^6.0.0", "@codemirror/state@^6.4.0":
  version "6.4.1"
  resolved "https://registry.npmmirror.com/@codemirror/state/-/state-6.4.1.tgz#da57143695c056d9a3c38705ed34136e2b68171b"
  integrity sha512-QkEyUiLhsJoZkbumGZlswmAhA7CBU02Wrz7zvH4SrcifbsqwlXShVXg65f3v/ts57W3dqyamEriMhij1Z3Zz4A==

"@codemirror/view@^6.0.0", "@codemirror/view@^6.17.0", "@codemirror/view@^6.23.0":
  version "6.34.1"
  resolved "https://registry.npmmirror.com/@codemirror/view/-/view-6.34.1.tgz#b17ed29c563e4adc60086233f2d3e7197e2dc33e"
  integrity sha512-t1zK/l9UiRqwUNPm+pdIT0qzJlzuVckbTEMVNFhfWkGiBQClstzg+78vedCvLSX0xJEZ6lwZbPpnljL7L6iwMQ==
  dependencies:
    "@codemirror/state" "^6.4.0"
    style-mod "^4.1.0"
    w3c-keyname "^2.2.4"

"@lezer/common@^1.0.0", "@lezer/common@^1.1.0":
  version "1.2.3"
  resolved "https://registry.npmmirror.com/@lezer/common/-/common-1.2.3.tgz#138fcddab157d83da557554851017c6c1e5667fd"
  integrity sha512-w7ojc8ejBqr2REPsWxJjrMFsA/ysDCFICn8zEOR9mrqzOu2amhITYuLD8ag6XZf0CFXDrhKqw7+tW8cX66NaDA==

"@lezer/highlight@^1.0.0":
  version "1.2.1"
  resolved "https://registry.npmmirror.com/@lezer/highlight/-/highlight-1.2.1.tgz#596fa8f9aeb58a608be0a563e960c373cbf23f8b"
  integrity sha512-Z5duk4RN/3zuVO7Jq0pGLJ3qynpxUVsh7IbUbGj88+uV2ApSAn6kWg2au3iJb+0Zi7kKtqffIESgNcRXWZWmSA==
  dependencies:
    "@lezer/common" "^1.0.0"

"@lezer/lr@^1.0.0":
  version "1.4.2"
  resolved "https://registry.npmmirror.com/@lezer/lr/-/lr-1.4.2.tgz#931ea3dea8e9de84e90781001dae30dea9ff1727"
  integrity sha512-pu0K1jCIdnQ12aWNaAVU5bzi7Bd1w54J3ECgANPmYLtQKP0HBj2cE/5coBD66MT10xbtIuUr7tg0Shbsvk0mDA==
  dependencies:
    "@lezer/common" "^1.0.0"

"@uiw/codemirror-theme-github@^4.19.9":
  version "4.23.5"
  resolved "https://registry.npmmirror.com/@uiw/codemirror-theme-github/-/codemirror-theme-github-4.23.5.tgz#cee82f4f2ef07baa187bb3b80b7dc6552474d431"
  integrity sha512-gR5rgWUaRoLRavzA6w+/dKE6KMDQdHF82xpnLYQvOwE/1agNS0asowdZUodMXbvOoNLIgcopLm3hXdzzVouuaw==
  dependencies:
    "@uiw/codemirror-themes" "4.23.5"

"@uiw/codemirror-themes@4.23.5":
  version "4.23.5"
  resolved "https://registry.npmmirror.com/@uiw/codemirror-themes/-/codemirror-themes-4.23.5.tgz#742cb8f2a74a857cb44c5f588265865ee2327e91"
  integrity sha512-yWUTpaVroxIxjKASQAmKaYy+ZYtF+YB6d8sVmSRK2TVD13M+EWvVT2jBGFLqR1UVg7G0W/McAy8xdeTg+a3slg==
  dependencies:
    "@codemirror/language" "^6.0.0"
    "@codemirror/state" "^6.0.0"
    "@codemirror/view" "^6.0.0"

fsevents@~2.3.2:
  version "2.3.3"
  resolved "https://registry.npmmirror.com/fsevents/-/fsevents-2.3.3.tgz#cac6407785d03675a2a5e1a5305c697b347d90d6"
  integrity sha512-5xoDfX+fL7faATnagmWPpbFtwh/R77WmMMqqHGS65C3vvB0YHrgF+B1YmZ3441tMj5n63k0212XNoJwzlhffQw==

"js-tokens@^3.0.0 || ^4.0.0":
  version "4.0.0"
  resolved "https://registry.npmmirror.com/js-tokens/-/js-tokens-4.0.0.tgz#19203fb59991df98e3a287050d4647cdeaf32499"
  integrity sha512-RdJUflcE3cUzKiMqQgsCu06FPu9UdIJO0beYbPhHN4k6apgJtifcoCtT9bcxOpYBtpD2kCM6Sbzg4CausW/PKQ==

loose-envify@^1.1.0:
  version "1.4.0"
  resolved "https://registry.npmmirror.com/loose-envify/-/loose-envify-1.4.0.tgz#71ee51fa7be4caec1a63839f7e682d8132d30caf"
  integrity sha512-lyuxPGr/Wfhrlem2CL/UcnUc1zcqKAImBDzukY7Y5F/yQiNdko6+fRLevlw1HgMySw7f611UIY408EtxRSoK3Q==
  dependencies:
    js-tokens "^3.0.0 || ^4.0.0"

react-dom@^18.2.0:
  version "18.3.1"
  resolved "https://registry.npmmirror.com/react-dom/-/react-dom-18.3.1.tgz#c2265d79511b57d479b3dd3fdfa51536494c5cb4"
  integrity sha512-5m4nQKp+rZRb09LNH59GM4BxTh9251/ylbKIbpe7TpGxfJ+9kv6BLkLBXIjjspbgbnIBNqlI23tRnTWT0snUIw==
  dependencies:
    loose-envify "^1.1.0"
    scheduler "^0.23.2"

react@^18.2.0:
  version "18.3.1"
  resolved "https://registry.npmmirror.com/react/-/react-18.3.1.tgz#49ab892009c53933625bd16b2533fc754cab2891"
  integrity sha512-wS+hAgJShR0KhEvPJArfuPVN1+Hz1t0Y6n5jLrGQbkb4urgPE/0Rve+1kMB1v/oWgHgm4WIcV+i7F2pTVj+2iQ==
  dependencies:
    loose-envify "^1.1.0"

rollup@^3.19.1:
  version "3.29.5"
  resolved "https://registry.npmmirror.com/rollup/-/rollup-3.29.5.tgz#8a2e477a758b520fb78daf04bca4c522c1da8a54"
  integrity sha512-GVsDdsbJzzy4S/v3dqWPJ7EfvZJfCHiDqe80IyrF59LYuP+e6U1LJoUqeuqRbwAWoMNoXivMNeNAOf5E22VA1w==
  optionalDependencies:
    fsevents "~2.3.2"

scheduler@^0.23.2:
  version "0.23.2"
  resolved "https://registry.npmmirror.com/scheduler/-/scheduler-0.23.2.tgz#414ba64a3b282892e944cf2108ecc078d115cdc3"
  integrity sha512-UOShsPwz7NrMUqhR6t0hWjFduvOzbtv7toDH1/hIrfRNIDBnnBWd0CwJTGvTpngVlmwGCdP9/Zl/tVrDqcuYzQ==
  dependencies:
    loose-envify "^1.1.0"

style-mod@^4.0.0, style-mod@^4.1.0:
  version "4.1.2"
  resolved "https://registry.npmmirror.com/style-mod/-/style-mod-4.1.2.tgz#ca238a1ad4786520f7515a8539d5a63691d7bf67"
  integrity sha512-wnD1HyVqpJUI2+eKZ+eo1UwghftP6yuFheBqqe+bWCotBjC2K1YnteJILRMs3SM4V/0dLEW1SC27MWP5y+mwmw==

w3c-keyname@^2.2.4:
  version "2.2.8"
  resolved "https://registry.npmmirror.com/w3c-keyname/-/w3c-keyname-2.2.8.tgz#7b17c8c6883d4e8b86ac8aba79d39e880f8869c5"
  integrity sha512-dpojBhNsCNN7T82Tm7k26A6G9ML3NkhDsnw9n/eoxSRlVBB4CEtIQ/KTCLI2Fwf3ataSXRhYFkQi3SlnFwPvPQ==
